// !$*UTF8*$!
{
	archiveVersion = 1;
	classes = {
	};
	objectVersion = 46;
	objects = {

/* Begin PBXBuildFile section */
		1E5B40521B93FA4F00551F39 /* main.m in Sources */ = {isa = PBXBuildFile; fileRef = 1E5B40511B93FA4F00551F39 /* main.m */; };
		1E5B40551B93FA4F00551F39 /* AppDelegate.m in Sources */ = {isa = PBXBuildFile; fileRef = 1E5B40541B93FA4F00551F39 /* AppDelegate.m */; };
		1E5B40581B93FA4F00551F39 /* ViewController.m in Sources */ = {isa = PBXBuildFile; fileRef = 1E5B40571B93FA4F00551F39 /* ViewController.m */; };
		1E5B405B1B93FA4F00551F39 /* Main.storyboard in Resources */ = {isa = PBXBuildFile; fileRef = 1E5B40591B93FA4F00551F39 /* Main.storyboard */; };
		1E5B405D1B93FA4F00551F39 /* Images.xcassets in Resources */ = {isa = PBXBuildFile; fileRef = 1E5B405C1B93FA4F00551F39 /* Images.xcassets */; };
		1E5B40601B93FA4F00551F39 /* LaunchScreen.xib in Resources */ = {isa = PBXBuildFile; fileRef = 1E5B405E1B93FA4F00551F39 /* LaunchScreen.xib */; };
		1E5B406C1B93FA4F00551F39 /* _01Media_ios_ObjCTests.m in Sources */ = {isa = PBXBuildFile; fileRef = 1E5B406B1B93FA4F00551F39 /* _01Media_ios_ObjCTests.m */; };
		1E5B40761B9403A700551F39 /* MobileCoreServices.framework in Frameworks */ = {isa = PBXBuildFile; fileRef = 1E5B40751B9403A700551F39 /* MobileCoreServices.framework */; };
/* End PBXBuildFile section */

/* Begin PBXContainerItemProxy section */
		1E5B40661B93FA4F00551F39 /* PBXContainerItemProxy */ = {
			isa = PBXContainerItemProxy;
			containerPortal = 1E5B40441B93FA4F00551F39 /* Project object */;
			proxyType = 1;
			remoteGlobalIDString = 1E5B404B1B93FA4F00551F39;
			remoteInfo = 001Media_ios_ObjC;
		};
/* End PBXContainerItemProxy section */

/* Begin PBXFileReference section */
		1E5B404C1B93FA4F00551F39 /* 001Media_ios_ObjC.app */ = {isa = PBXFileReference; explicitFileType = wrapper.application; includeInIndex = 0; path = 001Media_ios_ObjC.app; sourceTree = BUILT_PRODUCTS_DIR; };
		1E5B40501B93FA4F00551F39 /* Info.plist */ = {isa = PBXFileReference; lastKnownFileType = text.plist.xml; path = Info.plist; sourceTree = "<group>"; };
		1E5B40511B93FA4F00551F39 /* main.m */ = {isa = PBXFileReference; lastKnownFileType = sourcecode.c.objc; path = main.m; sourceTree = "<group>"; };
		1E5B40531B93FA4F00551F39 /* AppDelegate.h */ = {isa = PBXFileReference; lastKnownFileType = sourcecode.c.h; path = AppDelegate.h; sourceTree = "<group>"; };
		1E5B40541B93FA4F00551F39 /* AppDelegate.m */ = {isa = PBXFileReference; lastKnownFileType = sourcecode.c.objc; path = AppDelegate.m; sourceTree = "<group>"; };
		1E5B40561B93FA4F00551F39 /* ViewController.h */ = {isa = PBXFileReference; lastKnownFileType = sourcecode.c.h; path = ViewController.h; sourceTree = "<group>"; };
		1E5B40571B93FA4F00551F39 /* ViewController.m */ = {isa = PBXFileReference; lastKnownFileType = sourcecode.c.objc; path = ViewController.m; sourceTree = "<group>"; };
		1E5B405A1B93FA4F00551F39 /* Base */ = {isa = PBXFileReference; lastKnownFileType = file.storyboard; name = Base; path = Base.lproj/Main.storyboard; sourceTree = "<group>"; };
		1E5B405C1B93FA4F00551F39 /* Images.xcassets */ = {isa = PBXFileReference; lastKnownFileType = folder.assetcatalog; path = Images.xcassets; sourceTree = "<group>"; };
		1E5B405F1B93FA4F00551F39 /* Base */ = {isa = PBXFileReference; lastKnownFileType = file.xib; name = Base; path = Base.lproj/LaunchScreen.xib; sourceTree = "<group>"; };
		1E5B40651B93FA4F00551F39 /* 001Media_ios_ObjCTests.xctest */ = {isa = PBXFileReference; explicitFileType = wrapper.cfbundle; includeInIndex = 0; path = 001Media_ios_ObjCTests.xctest; sourceTree = BUILT_PRODUCTS_DIR; };
		1E5B406A1B93FA4F00551F39 /* Info.plist */ = {isa = PBXFileReference; lastKnownFileType = text.plist.xml; path = Info.plist; sourceTree = "<group>"; };
		1E5B406B1B93FA4F00551F39 /* _01Media_ios_ObjCTests.m */ = {isa = PBXFileReference; lastKnownFileType = sourcecode.c.objc; path = _01Media_ios_ObjCTests.m; sourceTree = "<group>"; };
		1E5B40751B9403A700551F39 /* MobileCoreServices.framework */ = {isa = PBXFileReference; lastKnownFileType = wrapper.framework; name = MobileCoreServices.framework; path = System/Library/Frameworks/MobileCoreServices.framework; sourceTree = SDKROOT; };
/* End PBXFileReference section */

/* Begin PBXFrameworksBuildPhase section */
		1E5B40491B93FA4F00551F39 /* Frameworks */ = {
			isa = PBXFrameworksBuildPhase;
			buildActionMask = 2147483647;
			files = (
				1E5B40761B9403A700551F39 /* MobileCoreServices.framework in Frameworks */,
			);
			runOnlyForDeploymentPostprocessing = 0;
		};
		1E5B40621B93FA4F00551F39 /* Frameworks */ = {
			isa = PBXFrameworksBuildPhase;
			buildActionMask = 2147483647;
			files = (
			);
			runOnlyForDeploymentPostprocessing = 0;
		};
/* End PBXFrameworksBuildPhase section */

/* Begin PBXGroup section */
		1E5B40431B93FA4F00551F39 = {
			isa = PBXGroup;
			children = (
				1E5B40751B9403A700551F39 /* MobileCoreServices.framework */,
				1E5B404E1B93FA4F00551F39 /* 001Media_ios_ObjC */,
				1E5B40681B93FA4F00551F39 /* 001Media_ios_ObjCTests */,
				1E5B404D1B93FA4F00551F39 /* Products */,
			);
			sourceTree = "<group>";
		};
		1E5B404D1B93FA4F00551F39 /* Products */ = {
			isa = PBXGroup;
			children = (
				1E5B404C1B93FA4F00551F39 /* 001Media_ios_ObjC.app */,
				1E5B40651B93FA4F00551F39 /* 001Media_ios_ObjCTests.xctest */,
			);
			name = Products;
			sourceTree = "<group>";
		};
		1E5B404E1B93FA4F00551F39 /* 001Media_ios_ObjC */ = {
			isa = PBXGroup;
			children = (
				1E5B40531B93FA4F00551F39 /* AppDelegate.h */,
				1E5B40541B93FA4F00551F39 /* AppDelegate.m */,
				1E5B40561B93FA4F00551F39 /* ViewController.h */,
				1E5B40571B93FA4F00551F39 /* ViewController.m */,
				1E5B40591B93FA4F00551F39 /* Main.storyboard */,
				1E5B405C1B93FA4F00551F39 /* Images.xcassets */,
				1E5B405E1B93FA4F00551F39 /* LaunchScreen.xib */,
				1E5B404F1B93FA4F00551F39 /* Supporting Files */,
			);
			path = 001Media_ios_ObjC;
			sourceTree = "<group>";
		};
		1E5B404F1B93FA4F00551F39 /* Supporting Files */ = {
			isa = PBXGroup;
			children = (
				1E5B40501B93FA4F00551F39 /* Info.plist */,
				1E5B40511B93FA4F00551F39 /* main.m */,
			);
			name = "Supporting Files";
			sourceTree = "<group>";
		};
		1E5B40681B93FA4F00551F39 /* 001Media_ios_ObjCTests */ = {
			isa = PBXGroup;
			children = (
				1E5B406B1B93FA4F00551F39 /* _01Media_ios_ObjCTests.m */,
				1E5B40691B93FA4F00551F39 /* Supporting Files */,
			);
			path = 001Media_ios_ObjCTests;
			sourceTree = "<group>";
		};
		1E5B40691B93FA4F00551F39 /* Supporting Files */ = {
			isa = PBXGroup;
			children = (
				1E5B406A1B93FA4F00551F39 /* Info.plist */,
			);
			name = "Supporting Files";
			sourceTree = "<group>";
		};
/* End PBXGroup section */

/* Begin PBXNativeTarget section */
		1E5B404B1B93FA4F00551F39 /* 001Media_ios_ObjC */ = {
			isa = PBXNativeTarget;
			buildConfigurationList = 1E5B406F1B93FA4F00551F39 /* Build configuration list for PBXNativeTarget "001Media_ios_ObjC" */;
			buildPhases = (
				1E5B40481B93FA4F00551F39 /* Sources */,
				1E5B40491B93FA4F00551F39 /* Frameworks */,
				1E5B404A1B93FA4F00551F39 /* Resources */,
			);
			buildRules = (
			);
			dependencies = (
			);
			name = 001Media_ios_ObjC;
			productName = 001Media_ios_ObjC;
			productReference = 1E5B404C1B93FA4F00551F39 /* 001Media_ios_ObjC.app */;
			productType = "com.apple.product-type.application";
		};
		1E5B40641B93FA4F00551F39 /* 001Media_ios_ObjCTests */ = {
			isa = PBXNativeTarget;
			buildConfigurationList = 1E5B40721B93FA4F00551F39 /* Build configuration list for PBXNativeTarget "001Media_ios_ObjCTests" */;
			buildPhases = (
				1E5B40611B93FA4F00551F39 /* Sources */,
				1E5B40621B93FA4F00551F39 /* Frameworks */,
				1E5B40631B93FA4F00551F39 /* Resources */,
			);
			buildRules = (
			);
			dependencies = (
				1E5B40671B93FA4F00551F39 /* PBXTargetDependency */,
			);
			name = 001Media_ios_ObjCTests;
			productName = 001Media_ios_ObjCTests;
			productReference = 1E5B40651B93FA4F00551F39 /* 001Media_ios_ObjCTests.xctest */;
			productType = "com.apple.product-type.bundle.unit-test";
		};
/* End PBXNativeTarget section */

/* Begin PBXProject section */
		1E5B40441B93FA4F00551F39 /* Project object */ = {
			isa = PBXProject;
			attributes = {
				LastUpgradeCheck = 0640;
				ORGANIZATIONNAME = Apps4s;
				TargetAttributes = {
					1E5B404B1B93FA4F00551F39 = {
						CreatedOnToolsVersion = 6.4;
					};
					1E5B40641B93FA4F00551F39 = {
						CreatedOnToolsVersion = 6.4;
						TestTargetID = 1E5B404B1B93FA4F00551F39;
					};
				};
			};
			buildConfigurationList = 1E5B40471B93FA4F00551F39 /* Build configuration list for PBXProject "001Media_ios_ObjC" */;
			compatibilityVersion = "Xcode 3.2";
			developmentRegion = English;
			hasScannedForEncodings = 0;
			knownRegions = (
				en,
				Base,
			);
			mainGroup = 1E5B40431B93FA4F00551F39;
			productRefGroup = 1E5B404D1B93FA4F00551F39 /* Products */;
			projectDirPath = "";
			projectRoot = "";
			targets = (
				1E5B404B1B93FA4F00551F39 /* 001Media_ios_ObjC */,
				1E5B40641B93FA4F00551F39 /* 001Media_ios_ObjCTests */,
			);
		};
/* End PBXProject section */

/* Begin PBXResourcesBuildPhase section */
		1E5B404A1B93FA4F00551F39 /* Resources */ = {
			isa = PBXResourcesBuildPhase;
			buildActionMask = 2147483647;
			files = (
				1E5B405B1B93FA4F00551F39 /* Main.storyboard in Resources */,
				1E5B40601B93FA4F00551F39 /* LaunchScreen.xib in Resources */,
				1E5B405D1B93FA4F00551F39 /* Images.xcassets in Resources */,
			);
			runOnlyForDeploymentPostprocessing = 0;
		};
		1E5B40631B93FA4F00551F39 /* Resources */ = {
			isa = PBXResourcesBuildPhase;
			buildActionMask = 2147483647;
			files = (
			);
			runOnlyForDeploymentPostprocessing = 0;
		};
/* End PBXResourcesBuildPhase section */

/* Begin PBXSourcesBuildPhase section */
		1E5B40481B93FA4F00551F39 /* Sources */ = {
			isa = PBXSourcesBuildPhase;
			buildActionMask = 2147483647;
			files = (
				1E5B40581B93FA4F00551F39 /* ViewController.m in Sources */,
				1E5B40551B93FA4F00551F39 /* AppDelegate.m in Sources */,
				1E5B40521B93FA4F00551F39 /* main.m in Sources */,
			);
			runOnlyForDeploymentPostprocessing = 0;
		};
		1E5B40611B93FA4F00551F39 /* Sources */ = {
			isa = PBXSourcesBuildPhase;
			buildActionMask = 2147483647;
			files = (
				1E5B406C1B93FA4F00551F39 /* _01Media_ios_ObjCTests.m in Sources */,
			);
			runOnlyForDeploymentPostprocessing = 0;
		};
/* End PBXSourcesBuildPhase section */

/* Begin PBXTargetDependency section */
		1E5B40671B93FA4F00551F39 /* PBXTargetDependency */ = {
			isa = PBXTargetDependency;
			target = 1E5B404B1B93FA4F00551F39 /* 001Media_ios_ObjC */;
			targetProxy = 1E5B40661B93FA4F00551F39 /* PBXContainerItemProxy */;
		};
/* End PBXTargetDependency section */

/* Begin PBXVariantGroup section */
		1E5B40591B93FA4F00551F39 /* Main.storyboard */ = {
			isa = PBXVariantGroup;
			children = (
				1E5B405A1B93FA4F00551F39 /* Base */,
			);
			name = Main.storyboard;
			sourceTree = "<group>";
		};
		1E5B405E1B93FA4F00551F39 /* LaunchScreen.xib */ = {
			isa = PBXVariantGroup;
			children = (
				1E5B405F1B93FA4F00551F39 /* Base */,
			);
			name = LaunchScreen.xib;
			sourceTree = "<group>";
		};
/* End PBXVariantGroup section */

/* Begin XCBuildConfiguration section */
		1E5B406D1B93FA4F00551F39 /* Debug */ = {
			isa = XCBuildConfiguration;
			buildSettings = {
				ALWAYS_SEARCH_USER_PATHS = NO;
				CLANG_CXX_LANGUAGE_STANDARD = "gnu++0x";
				CLANG_CXX_LIBRARY = "libc++";
				CLANG_ENABLE_MODULES = YES;
				CLANG_ENABLE_OBJC_ARC = YES;
				CLANG_WARN_BOOL_CONVERSION = YES;
				CLANG_WARN_CONSTANT_CONVERSION = YES;
				CLANG_WARN_DIRECT_OBJC_ISA_USAGE = YES_ERROR;
				CLANG_WARN_EMPTY_BODY = YES;
				CLANG_WARN_ENUM_CONVERSION = YES;
				CLANG_WARN_INT_CONVERSION = YES;
				CLANG_WARN_OBJC_ROOT_CLASS = YES_ERROR;
				CLANG_WARN_UNREACHABLE_CODE = YES;
				CLANG_WARN__DUPLICATE_METHOD_MATCH = YES;
				"CODE_SIGN_IDENTITY[sdk=iphoneos*]" = "iPhone Developer";
				COPY_PHASE_STRIP = NO;
				DEBUG_INFORMATION_FORMAT = "dwarf-with-dsym";
				ENABLE_STRICT_OBJC_MSGSEND = YES;
				GCC_C_LANGUAGE_STANDARD = gnu99;
				GCC_DYNAMIC_NO_PIC = NO;
				GCC_NO_COMMON_BLOCKS = YES;
				GCC_OPTIMIZATION_LEVEL = 0;
				GCC_PREPROCESSOR_DEFINITIONS = (
					"DEBUG=1",
					"$(inherited)",
				);
				GCC_SYMBOLS_PRIVATE_EXTERN = NO;
				GCC_WARN_64_TO_32_BIT_CONVERSION = YES;
				GCC_WARN_ABOUT_RETURN_TYPE = YES_ERROR;
				GCC_WARN_UNDECLARED_SELECTOR = YES;
				GCC_WARN_UNINITIALIZED_AUTOS = YES_AGGRESSIVE;
				GCC_WARN_UNUSED_FUNCTION = YES;
				GCC_WARN_UNUSED_VARIABLE = YES;
				IPHONEOS_DEPLOYMENT_TARGET = 8.4;
				MTL_ENABLE_DEBUG_INFO = YES;
				ONLY_ACTIVE_ARCH = YES;
				SDKROOT = iphoneos;
			};
			name = Debug;
		};
		1E5B406E1B93FA4F00551F39 /* Release */ = {
			isa = XCBuildConfiguration;
			buildSettings = {
				ALWAYS_SEARCH_USER_PATHS = NO;
				CLANG_CXX_LANGUAGE_STANDARD = "gnu++0x";
				CLANG_CXX_LIBRARY = "libc++";
				CLANG_ENABLE_MODULES = YES;
				CLANG_ENABLE_OBJC_ARC = YES;
				CLANG_WARN_BOOL_CONVERSION = YES;
				CLANG_WARN_CONSTANT_CONVERSION = YES;
				CLANG_WARN_DIRECT_OBJC_ISA_USAGE = YES_ERROR;
				CLANG_WARN_EMPTY_BODY = YES;
				CLANG_WARN_ENUM_CONVERSION = YES;
				CLANG_WARN_INT_CONVERSION = YES;
				CLANG_WARN_OBJC_ROOT_CLASS = YES_ERROR;
				CLANG_WARN_UNREACHABLE_CODE = YES;
				CLANG_WARN__DUPLICATE_METHOD_MATCH = YES;
				"CODE_SIGN_IDENTITY[sdk=iphoneos*]" = "iPhone Developer";
				COPY_PHASE_STRIP = NO;
				DEBUG_INFORMATION_FORMAT = "dwarf-with-dsym";
				ENABLE_NS_ASSERTIONS = NO;
				ENABLE_STRICT_OBJC_MSGSEND = YES;
				GCC_C_LANGUAGE_STANDARD = gnu99;
				GCC_NO_COMMON_BLOCKS = YES;
				GCC_WARN_64_TO_32_BIT_CONVERSION = YES;
				GCC_WARN_ABOUT_RETURN_TYPE = YES_ERROR;
				GCC_WARN_UNDECLARED_SELECTOR = YES;
				GCC_WARN_UNINITIALIZED_AUTOS = YES_AGGRESSIVE;
				GCC_WARN_UNUSED_FUNCTION = YES;
				GCC_WARN_UNUSED_VARIABLE = YES;
				IPHONEOS_DEPLOYMENT_TARGET = 8.4;
				MTL_ENABLE_DEBUG_INFO = NO;
				SDKROOT = iphoneos;
				VALIDATE_PRODUCT = YES;
			};
			name = Release;
		};
		1E5B40701B93FA4F00551F39 /* Debug */ = {
			isa = XCBuildConfiguration;
			buildSettings = {
				ASSETCATALOG_COMPILER_APPICON_NAME = AppIcon;
				INFOPLIST_FILE = 001Media_ios_ObjC/Info.plist;
				LD_RUNPATH_SEARCH_PATHS = "$(inherited) @executable_path/Frameworks";
				PRODUCT_NAME = "$(TARGET_NAME)";
			};
			name = Debug;
		};
		1E5B40711B93FA4F00551F39 /* Release */ = {
			isa = XCBuildConfiguration;
			buildSettings = {
				ASSETCATALOG_COMPILER_APPICON_NAME = AppIcon;
				INFOPLIST_FILE = 001Media_ios_ObjC/Info.plist;
				LD_RUNPATH_SEARCH_PATHS = "$(inherited) @executable_path/Frameworks";
				PRODUCT_NAME = "$(TARGET_NAME)";
			};
			name = Release;
		};
		1E5B40731B93FA4F00551F39 /* Debug */ = {
			isa = XCBuildConfiguration;
			buildSettings = {
				BUNDLE_LOADER = "$(TEST_HOST)";
				FRAMEWORK_SEARCH_PATHS = (
					"$(SDKROOT)/Developer/Library/Frameworks",
					"$(inherited)",
				);
				GCC_PREPROCESSOR_DEFINITIONS = (
					"DEBUG=1",
					"$(inherited)",
				);
				INFOPLIST_FILE = 001Media_ios_ObjCTests/Info.plist;
				LD_RUNPATH_SEARCH_PATHS = "$(inherited) @executable_path/Frameworks @loader_path/Frameworks";
				PRODUCT_NAME = "$(TARGET_NAME)";
				TEST_HOST = "$(BUILT_PRODUCTS_DIR)/001Media_ios_ObjC.app/001Media_ios_ObjC";
			};
			name = Debug;
		};
		1E5B40741B93FA4F00551F39 /* Release */ = {
			isa = XCBuildConfiguration;
			buildSettings = {
				BUNDLE_LOADER = "$(TEST_HOST)";
				FRAMEWORK_SEARCH_PATHS = (
					"$(SDKROOT)/Developer/Library/Frameworks",
					"$(inherited)",
				);
				INFOPLIST_FILE = 001Media_ios_ObjCTests/Info.plist;
				LD_RUNPATH_SEARCH_PATHS = "$(inherited) @executable_path/Frameworks @loader_path/Frameworks";
				PRODUCT_NAME = "$(TARGET_NAME)";
				TEST_HOST = "$(BUILT_PRODUCTS_DIR)/001Media_ios_ObjC.app/001Media_ios_ObjC";
			};
			name = Release;
		};
/* End XCBuildConfiguration section */

/* Begin XCConfigurationList section */
		1E5B40471B93FA4F00551F39 /* Build configuration list for PBXProject "001Media_ios_ObjC" */ = {
			isa = XCConfigurationList;
			buildConfigurations = (
				1E5B406D1B93FA4F00551F39 /* Debug */,
				1E5B406E1B93FA4F00551F39 /* Release */,
			);
			defaultConfigurationIsVisible = 0;
			defaultConfigurationName = Release;
		};
		1E5B406F1B93FA4F00551F39 /* Build configuration list for PBXNativeTarget "001Media_ios_ObjC" */ = {
			isa = XCConfigurationList;
			buildConfigurations = (
				1E5B40701B93FA4F00551F39 /* Debug */,
				1E5B40711B93FA4F00551F39 /* Release */,
			);
			defaultConfigurationIsVisible = 0;
		};
		1E5B40721B93FA4F00551F39 /* Build configuration list for PBXNativeTarget "001Media_ios_ObjCTests" */ = {
			isa = XCConfigurationList;
			buildConfigurations = (
				1E5B40731B93FA4F00551F39 /* Debug */,
				1E5B40741B93FA4F00551F39 /* Release */,
			);
			defaultConfigurationIsVisible = 0;
		};
/* End XCConfigurationList section */
	};
	rootObject = 1E5B40441B93FA4F00551F39 /* Project object */;
}
